
Microsoft Visual Studio Solution File, Format Version 12.00
# Visual Studio Version 16
VisualStudioVersion = 16.0.30804.86
MinimumVisualStudioVersion = 10.0.40219.1
Project("{FAE04EC0-301F-11D3-BF4B-00C04F79EFBC}") = "LibraryProject", "LibraryProject\LibraryProject.csproj", "{EA25F828-4C03-4C09-973A-4A40CE6515C2}"
EndProject
Project("{FAE04EC0-301F-11D3-BF4B-00C04F79EFBC}") = "LibraryProject.DataAccess", "DataAccess\LibraryProject.DataAccess.csproj", "{F3DEACA0-017B-40C5-9EDC-4B4B3BE3664F}"
EndProject
Project("{FAE04EC0-301F-11D3-BF4B-00C04F79EFBC}") = "LibraryProject.Models", "Models\LibraryProject.Models.csproj", "{23CCF921-A455-498E-9027-AA7975676F47}"
EndProject
Project("{FAE04EC0-301F-11D3-BF4B-00C04F79EFBC}") = "LibraryProject.Utilities", "Utilities\LibraryProject.Utilities.csproj", "{CAD29DC1-2CB5-4AFE-9C86-1426A968E2D7}"
EndProject
Global
	GlobalSection(SolutionConfigurationPlatforms) = preSolution
		Debug|Any CPU = Debug|Any CPU
		Release|Any CPU = Release|Any CPU
	EndGlobalSection
	GlobalSection(ProjectConfigurationPlatforms) = postSolution
		{EA25F828-4C03-4C09-973A-4A40CE6515C2}.Debug|Any CPU.ActiveCfg = Debug|Any CPU
		{EA25F828-4C03-4C09-973A-4A40CE6515C2}.Debug|Any CPU.Build.0 = Debug|Any CPU
		{EA25F828-4C03-4C09-973A-4A40CE6515C2}.Release|Any CPU.ActiveCfg = Release|Any CPU
		{EA25F828-4C03-4C09-973A-4A40CE6515C2}.Release|Any CPU.Build.0 = Release|Any CPU
		{F3DEACA0-017B-40C5-9EDC-4B4B3BE3664F}.Debug|Any CPU.ActiveCfg = Debug|Any CPU
		{F3DEACA0-017B-40C5-9EDC-4B4B3BE3664F}.Debug|Any CPU.Build.0 = Debug|Any CPU
		{F3DEACA0-017B-40C5-9EDC-4B4B3BE3664F}.Release|Any CPU.ActiveCfg = Release|Any CPU
		{F3DEACA0-017B-40C5-9EDC-4B4B3BE3664F}.Release|Any CPU.Build.0 = Release|Any CPU
		{23CCF921-A455-498E-9027-AA7975676F47}.Debug|Any CPU.ActiveCfg = Debug|Any CPU
		{23CCF921-A455-498E-9027-AA7975676F47}.Debug|Any CPU.Build.0 = Debug|Any CPU
		{23CCF921-A455-498E-9027-AA7975676F47}.Release|Any CPU.ActiveCfg = Release|Any CPU
		{23CCF921-A455-498E-9027-AA7975676F47}.Release|Any CPU.Build.0 = Release|Any CPU
		{CAD29DC1-2CB5-4AFE-9C86-1426A968E2D7}.Debug|Any CPU.ActiveCfg = Debug|Any CPU
		{CAD29DC1-2CB5-4AFE-9C86-1426A968E2D7}.Debug|Any CPU.Build.0 = Debug|Any CPU
		{CAD29DC1-2CB5-4AFE-9C86-1426A968E2D7}.Release|Any CPU.ActiveCfg = Release|Any CPU
		{CAD29DC1-2CB5-4AFE-9C86-1426A968E2D7}.Release|Any CPU.Build.0 = Release|Any CPU
	EndGlobalSection
	GlobalSection(SolutionProperties) = preSolution
		HideSolutionNode = FALSE
	EndGlobalSection
	GlobalSection(ExtensibilityGlobals) = postSolution
		SolutionGuid = {64738E86-9533-415F-AE05-210B0ED2E154}
	EndGlobalSection
EndGlobal
